
Microsoft Visual Studio Solution File, Format Version 12.00
# Visual Studio Version 17
VisualStudioVersion = 17.3.32819.101
MinimumVisualStudioVersion = 10.0.40219.1
Project("{FAE04EC0-301F-11D3-BF4B-00C04F79EFBC}") = "Comparisons", "Comparisons\Comparisons.csproj", "{5A6CFB35-4169-4AD3-ABA6-5B7DEA961D10}"
EndProject
Global
	GlobalSection(SolutionConfigurationPlatforms) = preSolution
		Debug|Any CPU = Debug|Any CPU
		Release|Any CPU = Release|Any CPU
	EndGlobalSection
	GlobalSection(ProjectConfigurationPlatforms) = postSolution
		{5A6CFB35-4169-4AD3-ABA6-5B7DEA961D10}.Debug|Any CPU.ActiveCfg = Debug|Any CPU
		{5A6CFB35-4169-4AD3-ABA6-5B7DEA961D10}.Debug|Any CPU.Build.0 = Debug|Any CPU
		{5A6CFB35-4169-4AD3-ABA6-5B7DEA961D10}.Release|Any CPU.ActiveCfg = Release|Any CPU
		{5A6CFB35-4169-4AD3-ABA6-5B7DEA961D10}.Release|Any CPU.Build.0 = Release|Any CPU
	EndGlobalSection
	GlobalSection(SolutionProperties) = preSolution
		HideSolutionNode = FALSE
	EndGlobalSection
	GlobalSection(ExtensibilityGlobals) = postSolution
		SolutionGuid = {9316EFDC-00A7-41C4-B8FC-616ADEB74EE0}
	EndGlobalSection
EndGlobal
